<?xml version="1.0" encoding="utf-8"?>
<Project ToolsVersion="4.0" xmlns="http://schemas.microsoft.com/developer/msbuild/2003">
  <ItemGroup>
    <Filter Include="GameEngineStudy">
      <UniqueIdentifier>{CE099DE9-3A95-0AAE-43A6-8DA2AFB066AE}</UniqueIdentifier>
    </Filter>
    <Filter Include="GameEngineStudy\vendor">
      <UniqueIdentifier>{6BCC0501-57C6-2E53-4033-C5632CCC94BF}</UniqueIdentifier>
    </Filter>
    <Filter Include="GameEngineStudy\vendor\imgui">
      <UniqueIdentifier>{153E12FB-01F9-01A7-AAB0-7AF1964A4C37}</UniqueIdentifier>
    </Filter>
    <Filter Include="src">
      <UniqueIdentifier>{2DAB880B-99B4-887C-2230-9F7C8E38947C}</UniqueIdentifier>
    </Filter>
  </ItemGroup>
  <ItemGroup>
    <ClCompile Include="..\GameEngineStudy\vendor\imgui\imgui_demo.cpp">
      <Filter>GameEngineStudy\vendor\imgui</Filter>
    </ClCompile>
    <ClCompile Include="src\SandboxApp.cpp">
      <Filter>src</Filter>
    </ClCompile>
  </ItemGroup>
</Project>