
Microsoft Visual Studio Solution File, Format Version 12.00
# Visual Studio 15
Project("{8BC9CEB8-8B4A-11D0-8D11-00A0C91BC942}") = "Sandbox", "Sandbox\Sandbox.vcxproj", "{F4C124E3-60A1-A37E-69B9-2E55D5170AE0}"
EndProject
Project("{2150E333-8FDC-42A3-9474-1A3956D46DE8}") = "Dependecies", "Dependecies", "{C5F8F5E2-310F-F478-7A86-7F9AE6DBC400}"
EndProject
Project("{8BC9CEB8-8B4A-11D0-8D11-00A0C91BC942}") = "GLFW", "GameEngineStudy\vendor\GLFW.vcxproj", "{154B857C-0182-860D-AA6E-6C109684020F}"
EndProject
Project("{8BC9CEB8-8B4A-11D0-8D11-00A0C91BC942}") = "Glad", "GameEngineStudy\vendor\Glad.vcxproj", "{BDD6857C-A90D-870D-52FA-6C103E10030F}"
EndProject
Project("{8BC9CEB8-8B4A-11D0-8D11-00A0C91BC942}") = "imgui", "GameEngineStudy\vendor\imgui.vcxproj", "{0098A80F-6CAC-D0C0-352E-7420A101CDF1}"
EndProject
Project("{8BC9CEB8-8B4A-11D0-8D11-00A0C91BC942}") = "GameEngineStudy", "GameEngineStudy\GameEngineStudy.vcxproj", "{CE099DE9-3A95-0AAE-43A6-8DA2AFB066AE}"
EndProject
Global
	GlobalSection(SolutionConfigurationPlatforms) = preSolution
		Debug|x64 = Debug|x64
		Development|x64 = Development|x64
		Shipping|x64 = Shipping|x64
	EndGlobalSection
	GlobalSection(ProjectConfigurationPlatforms) = postSolution
		{F4C124E3-60A1-A37E-69B9-2E55D5170AE0}.Debug|x64.ActiveCfg = Debug|x64
		{F4C124E3-60A1-A37E-69B9-2E55D5170AE0}.Debug|x64.Build.0 = Debug|x64
		{F4C124E3-60A1-A37E-69B9-2E55D5170AE0}.Development|x64.ActiveCfg = Development|x64
		{F4C124E3-60A1-A37E-69B9-2E55D5170AE0}.Development|x64.Build.0 = Development|x64
		{F4C124E3-60A1-A37E-69B9-2E55D5170AE0}.Shipping|x64.ActiveCfg = Shipping|x64
		{F4C124E3-60A1-A37E-69B9-2E55D5170AE0}.Shipping|x64.Build.0 = Shipping|x64
		{154B857C-0182-860D-AA6E-6C109684020F}.Debug|x64.ActiveCfg = Debug|x64
		{154B857C-0182-860D-AA6E-6C109684020F}.Debug|x64.Build.0 = Debug|x64
		{154B857C-0182-860D-AA6E-6C109684020F}.Development|x64.ActiveCfg = Development|x64
		{154B857C-0182-860D-AA6E-6C109684020F}.Development|x64.Build.0 = Development|x64
		{154B857C-0182-860D-AA6E-6C109684020F}.Shipping|x64.ActiveCfg = Shipping|x64
		{154B857C-0182-860D-AA6E-6C109684020F}.Shipping|x64.Build.0 = Shipping|x64
		{BDD6857C-A90D-870D-52FA-6C103E10030F}.Debug|x64.ActiveCfg = Debug|x64
		{BDD6857C-A90D-870D-52FA-6C103E10030F}.Debug|x64.Build.0 = Debug|x64
		{BDD6857C-A90D-870D-52FA-6C103E10030F}.Development|x64.ActiveCfg = Development|x64
		{BDD6857C-A90D-870D-52FA-6C103E10030F}.Development|x64.Build.0 = Development|x64
		{BDD6857C-A90D-870D-52FA-6C103E10030F}.Shipping|x64.ActiveCfg = Shipping|x64
		{BDD6857C-A90D-870D-52FA-6C103E10030F}.Shipping|x64.Build.0 = Shipping|x64
		{0098A80F-6CAC-D0C0-352E-7420A101CDF1}.Debug|x64.ActiveCfg = Debug|x64
		{0098A80F-6CAC-D0C0-352E-7420A101CDF1}.Debug|x64.Build.0 = Debug|x64
		{0098A80F-6CAC-D0C0-352E-7420A101CDF1}.Development|x64.ActiveCfg = Development|x64
		{0098A80F-6CAC-D0C0-352E-7420A101CDF1}.Development|x64.Build.0 = Development|x64
		{0098A80F-6CAC-D0C0-352E-7420A101CDF1}.Shipping|x64.ActiveCfg = Shipping|x64
		{0098A80F-6CAC-D0C0-352E-7420A101CDF1}.Shipping|x64.Build.0 = Shipping|x64
		{CE099DE9-3A95-0AAE-43A6-8DA2AFB066AE}.Debug|x64.ActiveCfg = Debug|x64
		{CE099DE9-3A95-0AAE-43A6-8DA2AFB066AE}.Debug|x64.Build.0 = Debug|x64
		{CE099DE9-3A95-0AAE-43A6-8DA2AFB066AE}.Development|x64.ActiveCfg = Development|x64
		{CE099DE9-3A95-0AAE-43A6-8DA2AFB066AE}.Development|x64.Build.0 = Development|x64
		{CE099DE9-3A95-0AAE-43A6-8DA2AFB066AE}.Shipping|x64.ActiveCfg = Shipping|x64
		{CE099DE9-3A95-0AAE-43A6-8DA2AFB066AE}.Shipping|x64.Build.0 = Shipping|x64
	EndGlobalSection
	GlobalSection(SolutionProperties) = preSolution
		HideSolutionNode = FALSE
	EndGlobalSection
	GlobalSection(NestedProjects) = preSolution
		{154B857C-0182-860D-AA6E-6C109684020F} = {C5F8F5E2-310F-F478-7A86-7F9AE6DBC400}
		{BDD6857C-A90D-870D-52FA-6C103E10030F} = {C5F8F5E2-310F-F478-7A86-7F9AE6DBC400}
		{0098A80F-6CAC-D0C0-352E-7420A101CDF1} = {C5F8F5E2-310F-F478-7A86-7F9AE6DBC400}
	EndGlobalSection
EndGlobal
