<?xml version="1.0" encoding="utf-8"?>
<Project ToolsVersion="4.0" xmlns="http://schemas.microsoft.com/developer/msbuild/2003">
  <ItemGroup>
    <Filter Include="GES">
      <UniqueIdentifier>{24EA870B-90F3-877C-196F-9E7C8577937C}</UniqueIdentifier>
    </Filter>
    <Filter Include="GES\Events">
      <UniqueIdentifier>{8845F41E-74FD-356C-DD04-0FC8C9DBD05C}</UniqueIdentifier>
    </Filter>
    <Filter Include="Platform">
      <UniqueIdentifier>{2AC788B4-1694-E3BF-3FAD-D1672BD9184E}</UniqueIdentifier>
    </Filter>
    <Filter Include="Platform\Windows">
      <UniqueIdentifier>{64FBD71A-50F4-F66C-7926-DCF1657ED678}</UniqueIdentifier>
    </Filter>
  </ItemGroup>
  <ItemGroup>
    <ClInclude Include="src\GES.h" />
    <ClInclude Include="src\GES\Application.h">
      <Filter>GES</Filter>
    </ClInclude>
    <ClInclude Include="src\GES\Core.h">
      <Filter>GES</Filter>
    </ClInclude>
    <ClInclude Include="src\GES\EntryPoint.h">
      <Filter>GES</Filter>
    </ClInclude>
    <ClInclude Include="src\GES\Events\ApplicationEvent.h">
      <Filter>GES\Events</Filter>
    </ClInclude>
    <ClInclude Include="src\GES\Events\Event.h">
      <Filter>GES\Events</Filter>
    </ClInclude>
    <ClInclude Include="src\GES\Events\KeyEvent.h">
      <Filter>GES\Events</Filter>
    </ClInclude>
    <ClInclude Include="src\GES\Events\MouseEvent.h">
      <Filter>GES\Events</Filter>
    </ClInclude>
    <ClInclude Include="src\GES\Layer.h">
      <Filter>GES</Filter>
    </ClInclude>
    <ClInclude Include="src\GES\LayerStack.h">
      <Filter>GES</Filter>
    </ClInclude>
    <ClInclude Include="src\GES\Log.h">
      <Filter>GES</Filter>
    </ClInclude>
    <ClInclude Include="src\GES\Window.h">
      <Filter>GES</Filter>
    </ClInclude>
    <ClInclude Include="src\Platform\Windows\WindowsWindow.h">
      <Filter>Platform\Windows</Filter>
    </ClInclude>
    <ClInclude Include="src\ges_pch.h" />
  </ItemGroup>
  <ItemGroup>
    <ClCompile Include="src\GES\Application.cpp">
      <Filter>GES</Filter>
    </ClCompile>
    <ClCompile Include="src\GES\Layer.cpp">
      <Filter>GES</Filter>
    </ClCompile>
    <ClCompile Include="src\GES\LayerStack.cpp">
      <Filter>GES</Filter>
    </ClCompile>
    <ClCompile Include="src\GES\Log.cpp">
      <Filter>GES</Filter>
    </ClCompile>
    <ClCompile Include="src\Platform\Windows\WindowsWindow.cpp">
      <Filter>Platform\Windows</Filter>
    </ClCompile>
    <ClCompile Include="src\ges_pch.cpp" />
  </ItemGroup>
</Project>